
Microsoft Visual Studio Solution File, Format Version 12.00
# Visual Studio Version 16
VisualStudioVersion = 16.0.30804.86
MinimumVisualStudioVersion = 10.0.40219.1
Project("{9A19103F-16F7-4668-BE54-9A1E7A4F7556}") = "MyNote3", "MyNote3\MyNote3.csproj", "{FBA0B2D6-B204-42AE-81C0-94968A35BDC4}"
EndProject
Project("{54435603-DBB4-11D2-8724-00A0C9A8B90C}") = "Setup", "Setup\Setup.vdproj", "{91F35BFB-02C3-4BCA-9421-F1605B53077C}"
EndProject
Global
	GlobalSection(SolutionConfigurationPlatforms) = preSolution
		Debug|Any CPU = Debug|Any CPU
		Release|Any CPU = Release|Any CPU
	EndGlobalSection
	GlobalSection(ProjectConfigurationPlatforms) = postSolution
		{FBA0B2D6-B204-42AE-81C0-94968A35BDC4}.Debug|Any CPU.ActiveCfg = Debug|Any CPU
		{FBA0B2D6-B204-42AE-81C0-94968A35BDC4}.Debug|Any CPU.Build.0 = Debug|Any CPU
		{FBA0B2D6-B204-42AE-81C0-94968A35BDC4}.Release|Any CPU.ActiveCfg = Release|Any CPU
		{FBA0B2D6-B204-42AE-81C0-94968A35BDC4}.Release|Any CPU.Build.0 = Release|Any CPU
		{91F35BFB-02C3-4BCA-9421-F1605B53077C}.Debug|Any CPU.ActiveCfg = Debug
		{91F35BFB-02C3-4BCA-9421-F1605B53077C}.Release|Any CPU.ActiveCfg = Release
	EndGlobalSection
	GlobalSection(SolutionProperties) = preSolution
		HideSolutionNode = FALSE
	EndGlobalSection
	GlobalSection(ExtensibilityGlobals) = postSolution
		SolutionGuid = {FB0FB487-7CEB-4A87-95E6-641627043DD4}
	EndGlobalSection
EndGlobal
